{
  "version": 4,
  "terraform_version": "1.1.5",
  "serial": 4,
  "lineage": "37023cfc-9d5c-c434-1943-4dd6914f20a6",
  "outputs": {},
  "resources": [
    {
      "mode": "managed",
      "type": "local_file",
      "name": "profile",
      "provider": "provider[\"registry.terraform.io/hashicorp/local\"]",
      "instances": [
        {
          "schema_version": 0,
          "attributes": {
            "content": "Hello! My name is Joseph Jefries and I am learning terraform",
            "content_base64": null,
            "directory_permission": "0777",
            "file_permission": "0777",
            "filename": "/home/ec2-user/terraform/profile1.txt",
            "id": "ad1eddc2c04ef65992838f4edf416f7fee019a6f",
            "sensitive_content": null,
            "source": null
          },
          "sensitive_attributes": [],
          "private": "bnVsbA=="
        }
      ]
    }
  ]
}
